// !$*UTF8*$!
{
	archiveVersion = 1;
	classes = {
	};
	objectVersion = 46;
	objects = {

/* Begin PBXBuildFile section */
		03A1C4E48EEE8EAF5D1DC03F /* DashScopeRealtimeASRClient.swift in Sources */ = {isa = PBXBuildFile; fileRef = 26D3FD786A0F8652DBBEC834 /* DashScopeRealtimeASRClient.swift */; };
		1BB042B57DD7B8D4EF337E5C /* KeyboardRootView.swift in Sources */ = {isa = PBXBuildFile; fileRef = 28F87CA382D626D8958F3AA8 /* KeyboardRootView.swift */; };
		1C509EC04EBF340F6F850525 /* RecorderViewModel.swift in Sources */ = {isa = PBXBuildFile; fileRef = 0057C0AA7FC2232E3121EE01 /* RecorderViewModel.swift */; };
		2A8421F31C4A4F2E95B11410 /* SharedRecorderCommand.swift in Sources */ = {isa = PBXBuildFile; fileRef = 61A6EC96E3834E80A627CF4B /* SharedRecorderCommand.swift */; };
		3235B7944031142E971F87F2 /* Foundation.framework in Frameworks */ = {isa = PBXBuildFile; fileRef = 4D0FB431E2F9F23257EEFBC4 /* Foundation.framework */; };
		3C3331CAA454B544FBA24CB8 /* KeyboardViewModel.swift in Sources */ = {isa = PBXBuildFile; fileRef = 711E7453D8A94742D85BF7BB /* KeyboardViewModel.swift */; };
		48AD50C2B5F1B126C510C5E6 /* SharedRecorderSnapshot.swift in Sources */ = {isa = PBXBuildFile; fileRef = 895ECDC3A6DF1DF27C5970AB /* SharedRecorderSnapshot.swift */; };
		4E392D3B6A8E4B21B6F7C95D /* SharedRecorderCommandStore.swift in Sources */ = {isa = PBXBuildFile; fileRef = A8C1CF2A692742F7AE1D4A1B /* SharedRecorderCommandStore.swift */; };
		528ADA44BD1B3A8B67E7BCE5 /* SharedRecorderStore.swift in Sources */ = {isa = PBXBuildFile; fileRef = 1B9C4649C4DE9C34B5CF4E49 /* SharedRecorderStore.swift */; };
		6350A2488E649F8E4071D82A /* SharedRecorderSnapshot.swift in Sources */ = {isa = PBXBuildFile; fileRef = 895ECDC3A6DF1DF27C5970AB /* SharedRecorderSnapshot.swift */; };
		64FC69489CDC17B8D0179E35 /* SettingsStore.swift in Sources */ = {isa = PBXBuildFile; fileRef = 7D0CAFC1273136C3FACAB1D1 /* SettingsStore.swift */; };
		66B3B62238F28B513081A9E9 /* Foundation.framework in Frameworks */ = {isa = PBXBuildFile; fileRef = 4D0FB431E2F9F23257EEFBC4 /* Foundation.framework */; };
		775D1417E040B33506F48403 /* SharedRecorderStore.swift in Sources */ = {isa = PBXBuildFile; fileRef = 1B9C4649C4DE9C34B5CF4E49 /* SharedRecorderStore.swift */; };
		7E9DF9750E7AAB0E6F744243 /* VoiceVibeApp.swift in Sources */ = {isa = PBXBuildFile; fileRef = CA457DCC9F450A754183F19F /* VoiceVibeApp.swift */; };
		8DCD5C6739ECEAFB40290629 /* AppGroup.swift in Sources */ = {isa = PBXBuildFile; fileRef = B8EE698E9376731D8B09B701 /* AppGroup.swift */; };
		90E5FBB95F43083EDA810C4B /* DashScopeConfiguration.swift in Sources */ = {isa = PBXBuildFile; fileRef = C8EB45F5FF2213C327BFC649 /* DashScopeConfiguration.swift */; };
		A1DA9D645ACED6F73F50892D /* VoiceVibeKeyboard.appex in Embed App Extensions */ = {isa = PBXBuildFile; fileRef = CDE55749DD65FB8F3D442C47 /* VoiceVibeKeyboard.appex */; settings = {ATTRIBUTES = (RemoveHeadersOnCopy, ); }; };
		AA53D5B995F64B0F9D453E8D /* SharedRecorderCommand.swift in Sources */ = {isa = PBXBuildFile; fileRef = 61A6EC96E3834E80A627CF4B /* SharedRecorderCommand.swift */; };
		AC812A16FCA840D1AD5324C6 /* SharedRecorderCommandStore.swift in Sources */ = {isa = PBXBuildFile; fileRef = A8C1CF2A692742F7AE1D4A1B /* SharedRecorderCommandStore.swift */; };
		BEF93EE38C783700B628BEFC /* AppGroup.swift in Sources */ = {isa = PBXBuildFile; fileRef = B8EE698E9376731D8B09B701 /* AppGroup.swift */; };
		C1CC5858DF31911D16DEA301 /* PCM16MonoAudioCaptureService.swift in Sources */ = {isa = PBXBuildFile; fileRef = 2DF763DA288A0E2D9D76390B /* PCM16MonoAudioCaptureService.swift */; };
		D3FEC72822336AFA98762B81 /* SettingsView.swift in Sources */ = {isa = PBXBuildFile; fileRef = 255845F725B028D5DD60BDB5 /* SettingsView.swift */; };
		ED22EDDF40483A5CDCB96470 /* Assets.xcassets in Resources */ = {isa = PBXBuildFile; fileRef = 52037CF82C447C9CE6544446 /* Assets.xcassets */; };
		F82F985857672FE49B6A9E69 /* HomeView.swift in Sources */ = {isa = PBXBuildFile; fileRef = 0A67C4CD1C6D68613D3A387B /* HomeView.swift */; };
		FDB044978F6579F17F6A16B1 /* KeyboardViewController.swift in Sources */ = {isa = PBXBuildFile; fileRef = 4FC085668311ACEF41F2C251 /* KeyboardViewController.swift */; };
/* End PBXBuildFile section */

/* Begin PBXContainerItemProxy section */
		D2443558E4FC545409191888 /* PBXContainerItemProxy */ = {
			isa = PBXContainerItemProxy;
			containerPortal = DAFC2241976F45DDA1B38BD6 /* Project object */;
			proxyType = 1;
			remoteGlobalIDString = C961BB9FEEBE7DA3839AF941;
			remoteInfo = VoiceVibeKeyboard;
		};
/* End PBXContainerItemProxy section */

/* Begin PBXCopyFilesBuildPhase section */
		B0F5B46C26EB08E0210E12A4 /* Embed App Extensions */ = {
			isa = PBXCopyFilesBuildPhase;
			buildActionMask = 2147483647;
			dstPath = "";
			dstSubfolderSpec = 13;
			files = (
				A1DA9D645ACED6F73F50892D /* VoiceVibeKeyboard.appex in Embed App Extensions */,
			);
			name = "Embed App Extensions";
			runOnlyForDeploymentPostprocessing = 0;
		};
/* End PBXCopyFilesBuildPhase section */

/* Begin PBXFileReference section */
		0057C0AA7FC2232E3121EE01 /* RecorderViewModel.swift */ = {isa = PBXFileReference; includeInIndex = 1; lastKnownFileType = sourcecode.swift; path = Features/Home/RecorderViewModel.swift; sourceTree = "<group>"; };
		0A67C4CD1C6D68613D3A387B /* HomeView.swift */ = {isa = PBXFileReference; includeInIndex = 1; lastKnownFileType = sourcecode.swift; path = Features/Home/HomeView.swift; sourceTree = "<group>"; };
		164E1154169E711A71B2D7BF /* VoiceVibeApp.app */ = {isa = PBXFileReference; explicitFileType = wrapper.application; includeInIndex = 0; name = VoiceVibeApp.app; path = VoiceVibeApp.app; sourceTree = BUILT_PRODUCTS_DIR; };
		1B9C4649C4DE9C34B5CF4E49 /* SharedRecorderStore.swift */ = {isa = PBXFileReference; includeInIndex = 1; lastKnownFileType = sourcecode.swift; path = SharedRecorderStore.swift; sourceTree = "<group>"; };
		255845F725B028D5DD60BDB5 /* SettingsView.swift */ = {isa = PBXFileReference; includeInIndex = 1; lastKnownFileType = sourcecode.swift; path = Features/Home/SettingsView.swift; sourceTree = "<group>"; };
		26D3FD786A0F8652DBBEC834 /* DashScopeRealtimeASRClient.swift */ = {isa = PBXFileReference; includeInIndex = 1; lastKnownFileType = sourcecode.swift; path = Services/ASR/DashScopeRealtimeASRClient.swift; sourceTree = "<group>"; };
		28F87CA382D626D8958F3AA8 /* KeyboardRootView.swift */ = {isa = PBXFileReference; includeInIndex = 1; lastKnownFileType = sourcecode.swift; path = KeyboardRootView.swift; sourceTree = "<group>"; };
		2DF763DA288A0E2D9D76390B /* PCM16MonoAudioCaptureService.swift */ = {isa = PBXFileReference; includeInIndex = 1; lastKnownFileType = sourcecode.swift; path = Services/Audio/PCM16MonoAudioCaptureService.swift; sourceTree = "<group>"; };
		4D0FB431E2F9F23257EEFBC4 /* Foundation.framework */ = {isa = PBXFileReference; lastKnownFileType = wrapper.framework; name = Foundation.framework; path = Platforms/iPhoneOS.platform/Developer/SDKs/iPhoneOS18.0.sdk/System/Library/Frameworks/Foundation.framework; sourceTree = DEVELOPER_DIR; };
		4FC085668311ACEF41F2C251 /* KeyboardViewController.swift */ = {isa = PBXFileReference; includeInIndex = 1; lastKnownFileType = sourcecode.swift; path = KeyboardViewController.swift; sourceTree = "<group>"; };
		52037CF82C447C9CE6544446 /* Assets.xcassets */ = {isa = PBXFileReference; includeInIndex = 1; lastKnownFileType = folder.assetcatalog; path = Resources/Assets.xcassets; sourceTree = "<group>"; };
		61A6EC96E3834E80A627CF4B /* SharedRecorderCommand.swift */ = {isa = PBXFileReference; includeInIndex = 1; lastKnownFileType = sourcecode.swift; path = SharedRecorderCommand.swift; sourceTree = "<group>"; };
		711E7453D8A94742D85BF7BB /* KeyboardViewModel.swift */ = {isa = PBXFileReference; includeInIndex = 1; lastKnownFileType = sourcecode.swift; path = KeyboardViewModel.swift; sourceTree = "<group>"; };
		7D0CAFC1273136C3FACAB1D1 /* SettingsStore.swift */ = {isa = PBXFileReference; includeInIndex = 1; lastKnownFileType = sourcecode.swift; path = Support/SettingsStore.swift; sourceTree = "<group>"; };
		A8C1CF2A692742F7AE1D4A1B /* SharedRecorderCommandStore.swift */ = {isa = PBXFileReference; includeInIndex = 1; lastKnownFileType = sourcecode.swift; path = SharedRecorderCommandStore.swift; sourceTree = "<group>"; };
		895ECDC3A6DF1DF27C5970AB /* SharedRecorderSnapshot.swift */ = {isa = PBXFileReference; includeInIndex = 1; lastKnownFileType = sourcecode.swift; path = SharedRecorderSnapshot.swift; sourceTree = "<group>"; };
		8D8BB261D72A922ABCC841D6 /* VoiceVibeApp.entitlements */ = {isa = PBXFileReference; includeInIndex = 1; lastKnownFileType = text.plist.entitlements; path = VoiceVibeApp.entitlements; sourceTree = "<group>"; };
		B8EE698E9376731D8B09B701 /* AppGroup.swift */ = {isa = PBXFileReference; includeInIndex = 1; lastKnownFileType = sourcecode.swift; path = AppGroup.swift; sourceTree = "<group>"; };
		C46C63636D027F62B22B622C /* VoiceVibeKeyboard.entitlements */ = {isa = PBXFileReference; includeInIndex = 1; lastKnownFileType = text.plist.entitlements; path = VoiceVibeKeyboard.entitlements; sourceTree = "<group>"; };
		C8EB45F5FF2213C327BFC649 /* DashScopeConfiguration.swift */ = {isa = PBXFileReference; includeInIndex = 1; lastKnownFileType = sourcecode.swift; path = Support/DashScopeConfiguration.swift; sourceTree = "<group>"; };
		CA457DCC9F450A754183F19F /* VoiceVibeApp.swift */ = {isa = PBXFileReference; includeInIndex = 1; lastKnownFileType = sourcecode.swift; path = VoiceVibeApp.swift; sourceTree = "<group>"; };
		CDE55749DD65FB8F3D442C47 /* VoiceVibeKeyboard.appex */ = {isa = PBXFileReference; explicitFileType = "wrapper.app-extension"; includeInIndex = 0; name = VoiceVibeKeyboard.appex; path = VoiceVibeKeyboard.appex; sourceTree = BUILT_PRODUCTS_DIR; };
		DFDD3EECEAAAB56526045094 /* Info.plist */ = {isa = PBXFileReference; includeInIndex = 1; lastKnownFileType = text.plist.xml; path = Info.plist; sourceTree = "<group>"; };
/* End PBXFileReference section */

/* Begin PBXFrameworksBuildPhase section */
		F284F64C4EEC28ECBF35EA78 /* Frameworks */ = {
			isa = PBXFrameworksBuildPhase;
			buildActionMask = 2147483647;
			files = (
				66B3B62238F28B513081A9E9 /* Foundation.framework in Frameworks */,
			);
			runOnlyForDeploymentPostprocessing = 0;
		};
		FD13E0880B84581C4196504F /* Frameworks */ = {
			isa = PBXFrameworksBuildPhase;
			buildActionMask = 2147483647;
			files = (
				3235B7944031142E971F87F2 /* Foundation.framework in Frameworks */,
			);
			runOnlyForDeploymentPostprocessing = 0;
		};
/* End PBXFrameworksBuildPhase section */

/* Begin PBXGroup section */
		130810849EA55C9E243542A6 /* Services */ = {
			isa = PBXGroup;
			children = (
				B9DCCE3879DFF3F09892D7C8 /* Audio */,
				525734F3E7BE61ED6834DD67 /* ASR */,
			);
			name = Services;
			sourceTree = "<group>";
		};
		25C211077BCFDC528302F9DA /* KeyboardExtension */ = {
			isa = PBXGroup;
			children = (
				28F87CA382D626D8958F3AA8 /* KeyboardRootView.swift */,
				4FC085668311ACEF41F2C251 /* KeyboardViewController.swift */,
				711E7453D8A94742D85BF7BB /* KeyboardViewModel.swift */,
				DFDD3EECEAAAB56526045094 /* Info.plist */,
				C46C63636D027F62B22B622C /* VoiceVibeKeyboard.entitlements */,
			);
			name = KeyboardExtension;
			path = KeyboardExtension;
			sourceTree = "<group>";
		};
		2B65191EB550DFE3C1113CE1 /* Home */ = {
			isa = PBXGroup;
			children = (
				0A67C4CD1C6D68613D3A387B /* HomeView.swift */,
				0057C0AA7FC2232E3121EE01 /* RecorderViewModel.swift */,
				255845F725B028D5DD60BDB5 /* SettingsView.swift */,
			);
			name = Home;
			sourceTree = "<group>";
		};
		525734F3E7BE61ED6834DD67 /* ASR */ = {
			isa = PBXGroup;
			children = (
				26D3FD786A0F8652DBBEC834 /* DashScopeRealtimeASRClient.swift */,
			);
			name = ASR;
			sourceTree = "<group>";
		};
		5B04A7EF8489052470EB70C2 /* Support */ = {
			isa = PBXGroup;
			children = (
				C8EB45F5FF2213C327BFC649 /* DashScopeConfiguration.swift */,
				7D0CAFC1273136C3FACAB1D1 /* SettingsStore.swift */,
			);
			name = Support;
			sourceTree = "<group>";
		};
		69CE92706E3CC490139D23D7 /* Resources */ = {
			isa = PBXGroup;
			children = (
				52037CF82C447C9CE6544446 /* Assets.xcassets */,
			);
			name = Resources;
			sourceTree = "<group>";
		};
		6E50D851588AFF01A9D6380D /* Shared */ = {
			isa = PBXGroup;
			children = (
				B8EE698E9376731D8B09B701 /* AppGroup.swift */,
				61A6EC96E3834E80A627CF4B /* SharedRecorderCommand.swift */,
				A8C1CF2A692742F7AE1D4A1B /* SharedRecorderCommandStore.swift */,
				895ECDC3A6DF1DF27C5970AB /* SharedRecorderSnapshot.swift */,
				1B9C4649C4DE9C34B5CF4E49 /* SharedRecorderStore.swift */,
			);
			name = Shared;
			path = Shared;
			sourceTree = "<group>";
		};
		746B523DB388D885DC48A6C8 /* iOS */ = {
			isa = PBXGroup;
			children = (
				4D0FB431E2F9F23257EEFBC4 /* Foundation.framework */,
			);
			name = iOS;
			sourceTree = "<group>";
		};
		8BD0488C39D3F3EA0219310D /* App */ = {
			isa = PBXGroup;
			children = (
				CA457DCC9F450A754183F19F /* VoiceVibeApp.swift */,
				8D8BB261D72A922ABCC841D6 /* VoiceVibeApp.entitlements */,
			);
			name = App;
			path = App;
			sourceTree = "<group>";
		};
		A23A1BADC26F96E78F328D48 /* Frameworks */ = {
			isa = PBXGroup;
			children = (
				746B523DB388D885DC48A6C8 /* iOS */,
			);
			name = Frameworks;
			sourceTree = "<group>";
		};
		B9DCCE3879DFF3F09892D7C8 /* Audio */ = {
			isa = PBXGroup;
			children = (
				2DF763DA288A0E2D9D76390B /* PCM16MonoAudioCaptureService.swift */,
			);
			name = Audio;
			sourceTree = "<group>";
		};
		E2D4E85A065B8839DD0336EC = {
			isa = PBXGroup;
			children = (
				E66AD413F67D0614A6F60812 /* Products */,
				A23A1BADC26F96E78F328D48 /* Frameworks */,
				EA303488D9815732ECE13817 /* VoiceVibeApp */,
			);
			sourceTree = "<group>";
		};
		E66AD413F67D0614A6F60812 /* Products */ = {
			isa = PBXGroup;
			children = (
				164E1154169E711A71B2D7BF /* VoiceVibeApp.app */,
				CDE55749DD65FB8F3D442C47 /* VoiceVibeKeyboard.appex */,
			);
			name = Products;
			sourceTree = "<group>";
		};
		EA303488D9815732ECE13817 /* VoiceVibeApp */ = {
			isa = PBXGroup;
			children = (
				8BD0488C39D3F3EA0219310D /* App */,
				F725DE35393BF84288D6354F /* Features */,
				130810849EA55C9E243542A6 /* Services */,
				5B04A7EF8489052470EB70C2 /* Support */,
				69CE92706E3CC490139D23D7 /* Resources */,
				6E50D851588AFF01A9D6380D /* Shared */,
				25C211077BCFDC528302F9DA /* KeyboardExtension */,
			);
			name = VoiceVibeApp;
			path = VoiceVibeApp;
			sourceTree = "<group>";
		};
		F725DE35393BF84288D6354F /* Features */ = {
			isa = PBXGroup;
			children = (
				2B65191EB550DFE3C1113CE1 /* Home */,
			);
			name = Features;
			sourceTree = "<group>";
		};
/* End PBXGroup section */

/* Begin PBXNativeTarget section */
		06611E17BCF6672EE5586A9F /* VoiceVibeApp */ = {
			isa = PBXNativeTarget;
			buildConfigurationList = 905291EDCBAE075935ED725C /* Build configuration list for PBXNativeTarget "VoiceVibeApp" */;
			buildPhases = (
				5AC01EDD7D0D9D41F60BE5B9 /* Sources */,
				FD13E0880B84581C4196504F /* Frameworks */,
				3B7C9B918491F41258412CC3 /* Resources */,
				B0F5B46C26EB08E0210E12A4 /* Embed App Extensions */,
			);
			buildRules = (
			);
			dependencies = (
				0E7A756EF96D0BBF174ED214 /* PBXTargetDependency */,
			);
			name = VoiceVibeApp;
			productName = VoiceVibeApp;
			productReference = 164E1154169E711A71B2D7BF /* VoiceVibeApp.app */;
			productType = "com.apple.product-type.application";
		};
		C961BB9FEEBE7DA3839AF941 /* VoiceVibeKeyboard */ = {
			isa = PBXNativeTarget;
			buildConfigurationList = 5E6D72CADEA4347A0392B1FA /* Build configuration list for PBXNativeTarget "VoiceVibeKeyboard" */;
			buildPhases = (
				4F1431974C428F8A2EF337E0 /* Sources */,
				F284F64C4EEC28ECBF35EA78 /* Frameworks */,
				F28E1DDE5AF9C55CEE508400 /* Resources */,
			);
			buildRules = (
			);
			dependencies = (
			);
			name = VoiceVibeKeyboard;
			productName = VoiceVibeKeyboard;
			productReference = CDE55749DD65FB8F3D442C47 /* VoiceVibeKeyboard.appex */;
			productType = "com.apple.product-type.app-extension";
		};
/* End PBXNativeTarget section */

/* Begin PBXProject section */
		DAFC2241976F45DDA1B38BD6 /* Project object */ = {
			isa = PBXProject;
			attributes = {
				LastSwiftUpdateCheck = 1600;
				LastUpgradeCheck = 1600;
			};
			buildConfigurationList = 964D2838BAA7C8D6D6F01B72 /* Build configuration list for PBXProject "VoiceVibeApp" */;
			compatibilityVersion = "Xcode 3.2";
			developmentRegion = en;
			hasScannedForEncodings = 0;
			knownRegions = (
				en,
				Base,
			);
			mainGroup = E2D4E85A065B8839DD0336EC;
			minimizedProjectReferenceProxies = 0;
			preferredProjectObjectVersion = 77;
			productRefGroup = E66AD413F67D0614A6F60812 /* Products */;
			projectDirPath = "";
			projectRoot = "";
			targets = (
				06611E17BCF6672EE5586A9F /* VoiceVibeApp */,
				C961BB9FEEBE7DA3839AF941 /* VoiceVibeKeyboard */,
			);
		};
/* End PBXProject section */

/* Begin PBXResourcesBuildPhase section */
		3B7C9B918491F41258412CC3 /* Resources */ = {
			isa = PBXResourcesBuildPhase;
			buildActionMask = 2147483647;
			files = (
				ED22EDDF40483A5CDCB96470 /* Assets.xcassets in Resources */,
			);
			runOnlyForDeploymentPostprocessing = 0;
		};
		F28E1DDE5AF9C55CEE508400 /* Resources */ = {
			isa = PBXResourcesBuildPhase;
			buildActionMask = 2147483647;
			files = (
			);
			runOnlyForDeploymentPostprocessing = 0;
		};
/* End PBXResourcesBuildPhase section */

/* Begin PBXSourcesBuildPhase section */
		4F1431974C428F8A2EF337E0 /* Sources */ = {
			isa = PBXSourcesBuildPhase;
			buildActionMask = 2147483647;
			files = (
				1BB042B57DD7B8D4EF337E5C /* KeyboardRootView.swift in Sources */,
				FDB044978F6579F17F6A16B1 /* KeyboardViewController.swift in Sources */,
				3C3331CAA454B544FBA24CB8 /* KeyboardViewModel.swift in Sources */,
				BEF93EE38C783700B628BEFC /* AppGroup.swift in Sources */,
				AA53D5B995F64B0F9D453E8D /* SharedRecorderCommand.swift in Sources */,
				AC812A16FCA840D1AD5324C6 /* SharedRecorderCommandStore.swift in Sources */,
				48AD50C2B5F1B126C510C5E6 /* SharedRecorderSnapshot.swift in Sources */,
				528ADA44BD1B3A8B67E7BCE5 /* SharedRecorderStore.swift in Sources */,
			);
			runOnlyForDeploymentPostprocessing = 0;
		};
		5AC01EDD7D0D9D41F60BE5B9 /* Sources */ = {
			isa = PBXSourcesBuildPhase;
			buildActionMask = 2147483647;
			files = (
				7E9DF9750E7AAB0E6F744243 /* VoiceVibeApp.swift in Sources */,
				F82F985857672FE49B6A9E69 /* HomeView.swift in Sources */,
				1C509EC04EBF340F6F850525 /* RecorderViewModel.swift in Sources */,
				D3FEC72822336AFA98762B81 /* SettingsView.swift in Sources */,
				C1CC5858DF31911D16DEA301 /* PCM16MonoAudioCaptureService.swift in Sources */,
				03A1C4E48EEE8EAF5D1DC03F /* DashScopeRealtimeASRClient.swift in Sources */,
				90E5FBB95F43083EDA810C4B /* DashScopeConfiguration.swift in Sources */,
				64FC69489CDC17B8D0179E35 /* SettingsStore.swift in Sources */,
				8DCD5C6739ECEAFB40290629 /* AppGroup.swift in Sources */,
				2A8421F31C4A4F2E95B11410 /* SharedRecorderCommand.swift in Sources */,
				4E392D3B6A8E4B21B6F7C95D /* SharedRecorderCommandStore.swift in Sources */,
				6350A2488E649F8E4071D82A /* SharedRecorderSnapshot.swift in Sources */,
				775D1417E040B33506F48403 /* SharedRecorderStore.swift in Sources */,
			);
			runOnlyForDeploymentPostprocessing = 0;
		};
/* End PBXSourcesBuildPhase section */

/* Begin PBXTargetDependency section */
		0E7A756EF96D0BBF174ED214 /* PBXTargetDependency */ = {
			isa = PBXTargetDependency;
			name = VoiceVibeKeyboard;
			target = C961BB9FEEBE7DA3839AF941 /* VoiceVibeKeyboard */;
			targetProxy = D2443558E4FC545409191888 /* PBXContainerItemProxy */;
		};
/* End PBXTargetDependency section */

/* Begin XCBuildConfiguration section */
		2D000FB06DC55AC5C3552DBB /* Debug */ = {
			isa = XCBuildConfiguration;
			buildSettings = {
				ASSETCATALOG_COMPILER_APPICON_NAME = AppIcon;
				ASSETCATALOG_COMPILER_GLOBAL_ACCENT_COLOR_NAME = AccentColor;
				CLANG_ENABLE_OBJC_WEAK = NO;
				CODE_SIGN_ENTITLEMENTS = VoiceVibeApp/App/VoiceVibeApp.entitlements;
				CODE_SIGN_STYLE = Automatic;
				CURRENT_PROJECT_VERSION = 1;
				DEVELOPMENT_TEAM = DQ362F38WB;
				GENERATE_INFOPLIST_FILE = YES;
				INFOPLIST_KEY_CFBundleDisplayName = VoiceVibe;
				INFOPLIST_KEY_LSRequiresIPhoneOS = YES;
				INFOPLIST_KEY_NSMicrophoneUsageDescription = "VoiceVibe needs microphone access for real-time transcription.";
				INFOPLIST_KEY_UIApplicationSupportsIndirectInputEvents = YES;
				INFOPLIST_KEY_UILaunchScreen_Generation = YES;
				INFOPLIST_KEY_UISupportedInterfaceOrientations_iPad = "UIInterfaceOrientationPortrait UIInterfaceOrientationPortraitUpsideDown UIInterfaceOrientationLandscapeLeft UIInterfaceOrientationLandscapeRight";
				INFOPLIST_KEY_UISupportedInterfaceOrientations_iPhone = UIInterfaceOrientationPortrait;
				IPHONEOS_DEPLOYMENT_TARGET = 17.0;
				LD_RUNPATH_SEARCH_PATHS = "$(inherited) @executable_path/Frameworks";
				MARKETING_VERSION = 0.1.0;
				PRODUCT_BUNDLE_IDENTIFIER = com.psyhitech.voicevibe;
				PRODUCT_NAME = VoiceVibeApp;
				SDKROOT = iphoneos;
				SWIFT_EMIT_LOC_STRINGS = YES;
				SWIFT_VERSION = 5.0;
				TARGETED_DEVICE_FAMILY = "1,2";
			};
			name = Debug;
		};
		7B150F15384B825E8AC3DA96 /* Debug */ = {
			isa = XCBuildConfiguration;
			buildSettings = {
				ALWAYS_SEARCH_USER_PATHS = NO;
				CLANG_ANALYZER_NONNULL = YES;
				CLANG_ANALYZER_NUMBER_OBJECT_CONVERSION = YES_AGGRESSIVE;
				CLANG_CXX_LANGUAGE_STANDARD = "gnu++14";
				CLANG_CXX_LIBRARY = "libc++";
				CLANG_ENABLE_MODULES = YES;
				CLANG_ENABLE_OBJC_ARC = YES;
				CLANG_ENABLE_OBJC_WEAK = YES;
				CLANG_WARN_BLOCK_CAPTURE_AUTORELEASING = YES;
				CLANG_WARN_BOOL_CONVERSION = YES;
				CLANG_WARN_COMMA = YES;
				CLANG_WARN_CONSTANT_CONVERSION = YES;
				CLANG_WARN_DEPRECATED_OBJC_IMPLEMENTATIONS = YES;
				CLANG_WARN_DIRECT_OBJC_ISA_USAGE = YES_ERROR;
				CLANG_WARN_DOCUMENTATION_COMMENTS = YES;
				CLANG_WARN_EMPTY_BODY = YES;
				CLANG_WARN_ENUM_CONVERSION = YES;
				CLANG_WARN_INFINITE_RECURSION = YES;
				CLANG_WARN_INT_CONVERSION = YES;
				CLANG_WARN_NON_LITERAL_NULL_CONVERSION = YES;
				CLANG_WARN_OBJC_IMPLICIT_RETAIN_SELF = YES;
				CLANG_WARN_OBJC_LITERAL_CONVERSION = YES;
				CLANG_WARN_OBJC_ROOT_CLASS = YES_ERROR;
				CLANG_WARN_QUOTED_INCLUDE_IN_FRAMEWORK_HEADER = YES;
				CLANG_WARN_RANGE_LOOP_ANALYSIS = YES;
				CLANG_WARN_STRICT_PROTOTYPES = YES;
				CLANG_WARN_SUSPICIOUS_MOVE = YES;
				CLANG_WARN_UNGUARDED_AVAILABILITY = YES_AGGRESSIVE;
				CLANG_WARN_UNREACHABLE_CODE = YES;
				CLANG_WARN__DUPLICATE_METHOD_MATCH = YES;
				COPY_PHASE_STRIP = NO;
				DEBUG_INFORMATION_FORMAT = dwarf;
				ENABLE_STRICT_OBJC_MSGSEND = YES;
				ENABLE_TESTABILITY = YES;
				GCC_C_LANGUAGE_STANDARD = gnu11;
				GCC_DYNAMIC_NO_PIC = NO;
				GCC_NO_COMMON_BLOCKS = YES;
				GCC_OPTIMIZATION_LEVEL = 0;
				GCC_PREPROCESSOR_DEFINITIONS = (
					"DEBUG=1",
					"$(inherited)",
				);
				GCC_WARN_64_TO_32_BIT_CONVERSION = YES;
				GCC_WARN_ABOUT_RETURN_TYPE = YES_ERROR;
				GCC_WARN_UNDECLARED_SELECTOR = YES;
				GCC_WARN_UNINITIALIZED_AUTOS = YES_AGGRESSIVE;
				GCC_WARN_UNUSED_FUNCTION = YES;
				GCC_WARN_UNUSED_VARIABLE = YES;
				MTL_ENABLE_DEBUG_INFO = INCLUDE_SOURCE;
				MTL_FAST_MATH = YES;
				ONLY_ACTIVE_ARCH = YES;
				PRODUCT_NAME = "$(TARGET_NAME)";
				SWIFT_ACTIVE_COMPILATION_CONDITIONS = DEBUG;
				SWIFT_OPTIMIZATION_LEVEL = "-Onone";
				SWIFT_VERSION = 5.0;
			};
			name = Debug;
		};
		89170EC1E65015A16DB69322 /* Release */ = {
			isa = XCBuildConfiguration;
			buildSettings = {
				ALWAYS_SEARCH_USER_PATHS = NO;
				CLANG_ANALYZER_NONNULL = YES;
				CLANG_ANALYZER_NUMBER_OBJECT_CONVERSION = YES_AGGRESSIVE;
				CLANG_CXX_LANGUAGE_STANDARD = "gnu++14";
				CLANG_CXX_LIBRARY = "libc++";
				CLANG_ENABLE_MODULES = YES;
				CLANG_ENABLE_OBJC_ARC = YES;
				CLANG_ENABLE_OBJC_WEAK = YES;
				CLANG_WARN_BLOCK_CAPTURE_AUTORELEASING = YES;
				CLANG_WARN_BOOL_CONVERSION = YES;
				CLANG_WARN_COMMA = YES;
				CLANG_WARN_CONSTANT_CONVERSION = YES;
				CLANG_WARN_DEPRECATED_OBJC_IMPLEMENTATIONS = YES;
				CLANG_WARN_DIRECT_OBJC_ISA_USAGE = YES_ERROR;
				CLANG_WARN_DOCUMENTATION_COMMENTS = YES;
				CLANG_WARN_EMPTY_BODY = YES;
				CLANG_WARN_ENUM_CONVERSION = YES;
				CLANG_WARN_INFINITE_RECURSION = YES;
				CLANG_WARN_INT_CONVERSION = YES;
				CLANG_WARN_NON_LITERAL_NULL_CONVERSION = YES;
				CLANG_WARN_OBJC_IMPLICIT_RETAIN_SELF = YES;
				CLANG_WARN_OBJC_LITERAL_CONVERSION = YES;
				CLANG_WARN_OBJC_ROOT_CLASS = YES_ERROR;
				CLANG_WARN_QUOTED_INCLUDE_IN_FRAMEWORK_HEADER = YES;
				CLANG_WARN_RANGE_LOOP_ANALYSIS = YES;
				CLANG_WARN_STRICT_PROTOTYPES = YES;
				CLANG_WARN_SUSPICIOUS_MOVE = YES;
				CLANG_WARN_UNGUARDED_AVAILABILITY = YES_AGGRESSIVE;
				CLANG_WARN_UNREACHABLE_CODE = YES;
				CLANG_WARN__DUPLICATE_METHOD_MATCH = YES;
				COPY_PHASE_STRIP = NO;
				DEBUG_INFORMATION_FORMAT = "dwarf-with-dsym";
				ENABLE_NS_ASSERTIONS = NO;
				ENABLE_STRICT_OBJC_MSGSEND = YES;
				GCC_C_LANGUAGE_STANDARD = gnu11;
				GCC_NO_COMMON_BLOCKS = YES;
				GCC_WARN_64_TO_32_BIT_CONVERSION = YES;
				GCC_WARN_ABOUT_RETURN_TYPE = YES_ERROR;
				GCC_WARN_UNDECLARED_SELECTOR = YES;
				GCC_WARN_UNINITIALIZED_AUTOS = YES_AGGRESSIVE;
				GCC_WARN_UNUSED_FUNCTION = YES;
				GCC_WARN_UNUSED_VARIABLE = YES;
				MTL_ENABLE_DEBUG_INFO = NO;
				MTL_FAST_MATH = YES;
				PRODUCT_NAME = "$(TARGET_NAME)";
				SWIFT_COMPILATION_MODE = wholemodule;
				SWIFT_OPTIMIZATION_LEVEL = "-O";
				SWIFT_VERSION = 5.0;
			};
			name = Release;
		};
		99FB63C0B0762CB74C634400 /* Release */ = {
			isa = XCBuildConfiguration;
			buildSettings = {
				ASSETCATALOG_COMPILER_APPICON_NAME = AppIcon;
				ASSETCATALOG_COMPILER_GLOBAL_ACCENT_COLOR_NAME = AccentColor;
				CLANG_ENABLE_OBJC_WEAK = NO;
				CODE_SIGN_ENTITLEMENTS = VoiceVibeApp/App/VoiceVibeApp.entitlements;
				CODE_SIGN_STYLE = Automatic;
				CURRENT_PROJECT_VERSION = 1;
				DEVELOPMENT_TEAM = DQ362F38WB;
				GENERATE_INFOPLIST_FILE = YES;
				INFOPLIST_KEY_CFBundleDisplayName = VoiceVibe;
				INFOPLIST_KEY_LSRequiresIPhoneOS = YES;
				INFOPLIST_KEY_NSMicrophoneUsageDescription = "VoiceVibe needs microphone access for real-time transcription.";
				INFOPLIST_KEY_UIApplicationSupportsIndirectInputEvents = YES;
				INFOPLIST_KEY_UILaunchScreen_Generation = YES;
				INFOPLIST_KEY_UISupportedInterfaceOrientations_iPad = "UIInterfaceOrientationPortrait UIInterfaceOrientationPortraitUpsideDown UIInterfaceOrientationLandscapeLeft UIInterfaceOrientationLandscapeRight";
				INFOPLIST_KEY_UISupportedInterfaceOrientations_iPhone = UIInterfaceOrientationPortrait;
				IPHONEOS_DEPLOYMENT_TARGET = 17.0;
				LD_RUNPATH_SEARCH_PATHS = "$(inherited) @executable_path/Frameworks";
				MARKETING_VERSION = 0.1.0;
				PRODUCT_BUNDLE_IDENTIFIER = com.psyhitech.voicevibe;
				PRODUCT_NAME = VoiceVibeApp;
				SDKROOT = iphoneos;
				SWIFT_EMIT_LOC_STRINGS = YES;
				SWIFT_VERSION = 5.0;
				TARGETED_DEVICE_FAMILY = "1,2";
				VALIDATE_PRODUCT = YES;
			};
			name = Release;
		};
		9D8D612E537F4D9D3DC0E82A /* Debug */ = {
			isa = XCBuildConfiguration;
			buildSettings = {
				APPLICATION_EXTENSION_API_ONLY = YES;
				CLANG_ENABLE_OBJC_WEAK = NO;
				CODE_SIGN_ENTITLEMENTS = VoiceVibeApp/KeyboardExtension/VoiceVibeKeyboard.entitlements;
				CODE_SIGN_STYLE = Automatic;
				CURRENT_PROJECT_VERSION = 1;
				DEVELOPMENT_TEAM = DQ362F38WB;
				GENERATE_INFOPLIST_FILE = NO;
				INFOPLIST_FILE = VoiceVibeApp/KeyboardExtension/Info.plist;
				IPHONEOS_DEPLOYMENT_TARGET = 17.0;
				LD_RUNPATH_SEARCH_PATHS = "$(inherited) @executable_path/Frameworks @executable_path/../../Frameworks";
				MARKETING_VERSION = 0.1.0;
				PRODUCT_BUNDLE_IDENTIFIER = com.psyhitech.voicevibe.keyboard;
				PRODUCT_NAME = VoiceVibeKeyboard;
				SDKROOT = iphoneos;
				SKIP_INSTALL = YES;
				SWIFT_EMIT_LOC_STRINGS = YES;
				SWIFT_VERSION = 5.0;
				TARGETED_DEVICE_FAMILY = "1,2";
			};
			name = Debug;
		};
		F8EE4323306AA6B37BFA6F32 /* Release */ = {
			isa = XCBuildConfiguration;
			buildSettings = {
				APPLICATION_EXTENSION_API_ONLY = YES;
				CLANG_ENABLE_OBJC_WEAK = NO;
				CODE_SIGN_ENTITLEMENTS = VoiceVibeApp/KeyboardExtension/VoiceVibeKeyboard.entitlements;
				CODE_SIGN_STYLE = Automatic;
				CURRENT_PROJECT_VERSION = 1;
				DEVELOPMENT_TEAM = DQ362F38WB;
				GENERATE_INFOPLIST_FILE = NO;
				INFOPLIST_FILE = VoiceVibeApp/KeyboardExtension/Info.plist;
				IPHONEOS_DEPLOYMENT_TARGET = 17.0;
				LD_RUNPATH_SEARCH_PATHS = "$(inherited) @executable_path/Frameworks @executable_path/../../Frameworks";
				MARKETING_VERSION = 0.1.0;
				PRODUCT_BUNDLE_IDENTIFIER = com.psyhitech.voicevibe.keyboard;
				PRODUCT_NAME = VoiceVibeKeyboard;
				SDKROOT = iphoneos;
				SKIP_INSTALL = YES;
				SWIFT_EMIT_LOC_STRINGS = YES;
				SWIFT_VERSION = 5.0;
				TARGETED_DEVICE_FAMILY = "1,2";
				VALIDATE_PRODUCT = YES;
			};
			name = Release;
		};
/* End XCBuildConfiguration section */

/* Begin XCConfigurationList section */
		5E6D72CADEA4347A0392B1FA /* Build configuration list for PBXNativeTarget "VoiceVibeKeyboard" */ = {
			isa = XCConfigurationList;
			buildConfigurations = (
				F8EE4323306AA6B37BFA6F32 /* Release */,
				9D8D612E537F4D9D3DC0E82A /* Debug */,
			);
			defaultConfigurationIsVisible = 0;
			defaultConfigurationName = Release;
		};
		905291EDCBAE075935ED725C /* Build configuration list for PBXNativeTarget "VoiceVibeApp" */ = {
			isa = XCConfigurationList;
			buildConfigurations = (
				99FB63C0B0762CB74C634400 /* Release */,
				2D000FB06DC55AC5C3552DBB /* Debug */,
			);
			defaultConfigurationIsVisible = 0;
			defaultConfigurationName = Release;
		};
		964D2838BAA7C8D6D6F01B72 /* Build configuration list for PBXProject "VoiceVibeApp" */ = {
			isa = XCConfigurationList;
			buildConfigurations = (
				7B150F15384B825E8AC3DA96 /* Debug */,
				89170EC1E65015A16DB69322 /* Release */,
			);
			defaultConfigurationIsVisible = 0;
			defaultConfigurationName = Release;
		};
/* End XCConfigurationList section */
	};
	rootObject = DAFC2241976F45DDA1B38BD6 /* Project object */;
}
