// !$*UTF8*$!
{
	archiveVersion = 1;
	classes = {
	};
	objectVersion = 46;
	objects = {

/* Begin PBXBuildFile section */
		0AE4708F084594838CE7A96F /* PermissionState.swift in Sources */ = {isa = PBXBuildFile; fileRef = 542D9F2D88E0E2E07EAA2B7A /* PermissionState.swift */; };
		0D7DE18827EEEA82E356B79F /* Assets.xcassets in Resources */ = {isa = PBXBuildFile; fileRef = B191D88C6C85A6A552AA15B3 /* Assets.xcassets */; };
		2A21A5095395434851A3B4EE /* CapsuleOverlayView.swift in Sources */ = {isa = PBXBuildFile; fileRef = 333C790CF168BC4EC72B9563 /* CapsuleOverlayView.swift */; };
		37C7712A14DE4C658D434A56 /* main.swift in Sources */ = {isa = PBXBuildFile; fileRef = 374B8DB6403D4DDA8F342AF6 /* main.swift */; };
		5147B8E6EC066DF345B1EB39 /* Cocoa.framework in Frameworks */ = {isa = PBXBuildFile; fileRef = 47A77218476E52EC35C9C4C3 /* Cocoa.framework */; };
		5CC30D12868EA845A1A44C57 /* AppDelegate.swift in Sources */ = {isa = PBXBuildFile; fileRef = 0F0DD80688F7E65E79EB92C0 /* AppDelegate.swift */; };
		73EA8BE2D35BD86CEF048DCE /* DashScopeRealtimeASRClient.swift in Sources */ = {isa = PBXBuildFile; fileRef = FD5A80298021616E2042017E /* DashScopeRealtimeASRClient.swift */; };
		7DBB2260E2FDC76ECE5444AE /* MainView.swift in Sources */ = {isa = PBXBuildFile; fileRef = 7B286A9A98282A0007F85F22 /* MainView.swift */; };
		808834F84A5C2A802677D650 /* MacAudioCaptureService.swift in Sources */ = {isa = PBXBuildFile; fileRef = 09CC9A8C29824FCFCF8BA797 /* MacAudioCaptureService.swift */; };
		827BB4E40EE5EF063619EB58 /* RecordingState.swift in Sources */ = {isa = PBXBuildFile; fileRef = 7BE5F947243F29F50C0D0457 /* RecordingState.swift */; };
		8D25CBB17C93E4A6D4D6C421 /* StatusBarController.swift in Sources */ = {isa = PBXBuildFile; fileRef = C42AD6EE4C3A9918BDB49F6C /* StatusBarController.swift */; };
		B35BD7056C508C74C86C478D /* CapsuleOverlayWindowController.swift in Sources */ = {isa = PBXBuildFile; fileRef = DACF8B0114E95FCABECEF940 /* CapsuleOverlayWindowController.swift */; };
		C134F791DFB2724D12220923 /* MacAppModel.swift in Sources */ = {isa = PBXBuildFile; fileRef = 8191DC5D1CBFE37BC92EB821 /* MacAppModel.swift */; };
		CB14C3C015498913D7D300F5 /* MenuBarView.swift in Sources */ = {isa = PBXBuildFile; fileRef = 2BCEB62AA024BE80754AC1CA /* MenuBarView.swift */; };
		CD10A175BE7FE1D7CDAE2E52 /* FocusedTextInjector.swift in Sources */ = {isa = PBXBuildFile; fileRef = 2A5D5CA7D99781498A879CDF /* FocusedTextInjector.swift */; };
		D28BA0D134A238A1D97B51EC /* SettingsStore.swift in Sources */ = {isa = PBXBuildFile; fileRef = 093984F118AC822BE9DF589F /* SettingsStore.swift */; };
		E0FBD5AB5CF59EE73725BDFE /* OverlayState.swift in Sources */ = {isa = PBXBuildFile; fileRef = 8F1347B9ADD5076DD1B303D5 /* OverlayState.swift */; };
		EB24E7271C50315984288B62 /* FnKeyMonitor.swift in Sources */ = {isa = PBXBuildFile; fileRef = 133B80F6D761A2EDF25E3B30 /* FnKeyMonitor.swift */; };
		F5382D81003200E0E35090CA /* DashScopeConfiguration.swift in Sources */ = {isa = PBXBuildFile; fileRef = B51AA1FDF49F31234559401E /* DashScopeConfiguration.swift */; };
/* End PBXBuildFile section */

/* Begin PBXFileReference section */
		093984F118AC822BE9DF589F /* SettingsStore.swift */ = {isa = PBXFileReference; includeInIndex = 1; lastKnownFileType = sourcecode.swift; name = SettingsStore.swift; path = Support/SettingsStore.swift; sourceTree = "<group>"; };
		0F0DD80688F7E65E79EB92C0 /* AppDelegate.swift */ = {isa = PBXFileReference; includeInIndex = 1; lastKnownFileType = sourcecode.swift; name = AppDelegate.swift; path = App/AppDelegate.swift; sourceTree = "<group>"; };
		09CC9A8C29824FCFCF8BA797 /* MacAudioCaptureService.swift */ = {isa = PBXFileReference; includeInIndex = 1; lastKnownFileType = sourcecode.swift; name = MacAudioCaptureService.swift; path = Services/Audio/MacAudioCaptureService.swift; sourceTree = "<group>"; };
		133B80F6D761A2EDF25E3B30 /* FnKeyMonitor.swift */ = {isa = PBXFileReference; includeInIndex = 1; lastKnownFileType = sourcecode.swift; name = FnKeyMonitor.swift; path = Services/Input/FnKeyMonitor.swift; sourceTree = "<group>"; };
		17733EB69FF590EF959BC202 /* VoiceVibe.app */ = {isa = PBXFileReference; explicitFileType = wrapper.application; includeInIndex = 0; name = VoiceVibe.app; path = VoiceVibe.app; sourceTree = BUILT_PRODUCTS_DIR; };
		2A5D5CA7D99781498A879CDF /* FocusedTextInjector.swift */ = {isa = PBXFileReference; includeInIndex = 1; lastKnownFileType = sourcecode.swift; name = FocusedTextInjector.swift; path = Services/Input/FocusedTextInjector.swift; sourceTree = "<group>"; };
		2BCEB62AA024BE80754AC1CA /* MenuBarView.swift */ = {isa = PBXFileReference; includeInIndex = 1; lastKnownFileType = sourcecode.swift; name = MenuBarView.swift; path = Features/Main/MenuBarView.swift; sourceTree = "<group>"; };
		333C790CF168BC4EC72B9563 /* CapsuleOverlayView.swift */ = {isa = PBXFileReference; includeInIndex = 1; lastKnownFileType = sourcecode.swift; name = CapsuleOverlayView.swift; path = Features/Overlay/CapsuleOverlayView.swift; sourceTree = "<group>"; };
		374B8DB6403D4DDA8F342AF6 /* main.swift */ = {isa = PBXFileReference; includeInIndex = 1; lastKnownFileType = sourcecode.swift; name = main.swift; path = App/main.swift; sourceTree = "<group>"; };
		47A77218476E52EC35C9C4C3 /* Cocoa.framework */ = {isa = PBXFileReference; lastKnownFileType = wrapper.framework; name = Cocoa.framework; path = Platforms/MacOSX.platform/Developer/SDKs/MacOSX15.0.sdk/System/Library/Frameworks/Cocoa.framework; sourceTree = DEVELOPER_DIR; };
		542D9F2D88E0E2E07EAA2B7A /* PermissionState.swift */ = {isa = PBXFileReference; includeInIndex = 1; lastKnownFileType = sourcecode.swift; name = PermissionState.swift; path = Models/PermissionState.swift; sourceTree = "<group>"; };
		7B286A9A98282A0007F85F22 /* MainView.swift */ = {isa = PBXFileReference; includeInIndex = 1; lastKnownFileType = sourcecode.swift; name = MainView.swift; path = Features/Main/MainView.swift; sourceTree = "<group>"; };
		7BE5F947243F29F50C0D0457 /* RecordingState.swift */ = {isa = PBXFileReference; includeInIndex = 1; lastKnownFileType = sourcecode.swift; name = RecordingState.swift; path = Models/RecordingState.swift; sourceTree = "<group>"; };
		8191DC5D1CBFE37BC92EB821 /* MacAppModel.swift */ = {isa = PBXFileReference; includeInIndex = 1; lastKnownFileType = sourcecode.swift; name = MacAppModel.swift; path = App/MacAppModel.swift; sourceTree = "<group>"; };
		8F1347B9ADD5076DD1B303D5 /* OverlayState.swift */ = {isa = PBXFileReference; includeInIndex = 1; lastKnownFileType = sourcecode.swift; name = OverlayState.swift; path = Models/OverlayState.swift; sourceTree = "<group>"; };
		B191D88C6C85A6A552AA15B3 /* Assets.xcassets */ = {isa = PBXFileReference; includeInIndex = 1; lastKnownFileType = folder.assetcatalog; name = Assets.xcassets; path = Resources/Assets.xcassets; sourceTree = "<group>"; };
		B51AA1FDF49F31234559401E /* DashScopeConfiguration.swift */ = {isa = PBXFileReference; includeInIndex = 1; lastKnownFileType = sourcecode.swift; name = DashScopeConfiguration.swift; path = Support/DashScopeConfiguration.swift; sourceTree = "<group>"; };
		C42AD6EE4C3A9918BDB49F6C /* StatusBarController.swift */ = {isa = PBXFileReference; includeInIndex = 1; lastKnownFileType = sourcecode.swift; name = StatusBarController.swift; path = App/StatusBarController.swift; sourceTree = "<group>"; };
		DACF8B0114E95FCABECEF940 /* CapsuleOverlayWindowController.swift */ = {isa = PBXFileReference; includeInIndex = 1; lastKnownFileType = sourcecode.swift; name = CapsuleOverlayWindowController.swift; path = Services/Overlay/CapsuleOverlayWindowController.swift; sourceTree = "<group>"; };
		FD5A80298021616E2042017E /* DashScopeRealtimeASRClient.swift */ = {isa = PBXFileReference; includeInIndex = 1; lastKnownFileType = sourcecode.swift; name = DashScopeRealtimeASRClient.swift; path = Services/ASR/DashScopeRealtimeASRClient.swift; sourceTree = "<group>"; };
/* End PBXFileReference section */

/* Begin PBXFrameworksBuildPhase section */
		3A3E5CA809B6B15EC8C1F4ED /* Frameworks */ = {
			isa = PBXFrameworksBuildPhase;
			buildActionMask = 2147483647;
			files = (
				5147B8E6EC066DF345B1EB39 /* Cocoa.framework in Frameworks */,
			);
			runOnlyForDeploymentPostprocessing = 0;
		};
/* End PBXFrameworksBuildPhase section */

/* Begin PBXGroup section */
		1BF5AFAB65A73D778F4FC336 /* Products */ = {
			isa = PBXGroup;
			children = (
				17733EB69FF590EF959BC202 /* VoiceVibe.app */,
			);
			name = Products;
			sourceTree = "<group>";
		};
		68BB1C5E0A5E3D8346F0B70F /* VoiceVibeMac */ = {
			isa = PBXGroup;
			children = (
				374B8DB6403D4DDA8F342AF6 /* main.swift */,
				0F0DD80688F7E65E79EB92C0 /* AppDelegate.swift */,
				8191DC5D1CBFE37BC92EB821 /* MacAppModel.swift */,
				C42AD6EE4C3A9918BDB49F6C /* StatusBarController.swift */,
				7B286A9A98282A0007F85F22 /* MainView.swift */,
				2BCEB62AA024BE80754AC1CA /* MenuBarView.swift */,
				333C790CF168BC4EC72B9563 /* CapsuleOverlayView.swift */,
				8F1347B9ADD5076DD1B303D5 /* OverlayState.swift */,
				542D9F2D88E0E2E07EAA2B7A /* PermissionState.swift */,
				7BE5F947243F29F50C0D0457 /* RecordingState.swift */,
				FD5A80298021616E2042017E /* DashScopeRealtimeASRClient.swift */,
				09CC9A8C29824FCFCF8BA797 /* MacAudioCaptureService.swift */,
				133B80F6D761A2EDF25E3B30 /* FnKeyMonitor.swift */,
				2A5D5CA7D99781498A879CDF /* FocusedTextInjector.swift */,
				DACF8B0114E95FCABECEF940 /* CapsuleOverlayWindowController.swift */,
				B51AA1FDF49F31234559401E /* DashScopeConfiguration.swift */,
				093984F118AC822BE9DF589F /* SettingsStore.swift */,
				B191D88C6C85A6A552AA15B3 /* Assets.xcassets */,
			);
			name = VoiceVibeMac;
			path = VoiceVibeMac;
			sourceTree = "<group>";
		};
		AC37FE0990D66B94B60ECFF3 /* OS X */ = {
			isa = PBXGroup;
			children = (
				47A77218476E52EC35C9C4C3 /* Cocoa.framework */,
			);
			name = "OS X";
			sourceTree = "<group>";
		};
		E642E000EC772C1B88A87190 /* Frameworks */ = {
			isa = PBXGroup;
			children = (
				AC37FE0990D66B94B60ECFF3 /* OS X */,
			);
			name = Frameworks;
			sourceTree = "<group>";
		};
		FE593A0EC1E18DC64CB7656A = {
			isa = PBXGroup;
			children = (
				1BF5AFAB65A73D778F4FC336 /* Products */,
				E642E000EC772C1B88A87190 /* Frameworks */,
				68BB1C5E0A5E3D8346F0B70F /* VoiceVibeMac */,
			);
			sourceTree = "<group>";
		};
/* End PBXGroup section */

/* Begin PBXNativeTarget section */
		1F3620F724F75477BE0E8AD3 /* VoiceVibeMac */ = {
			isa = PBXNativeTarget;
			buildConfigurationList = 8D1592EE74C838AC20BF84BF /* Build configuration list for PBXNativeTarget "VoiceVibeMac" */;
			buildPhases = (
				B5A953FF5E978EF80561AD0F /* Sources */,
				3A3E5CA809B6B15EC8C1F4ED /* Frameworks */,
				72D0BA297D67E2FFCDAE0439 /* Resources */,
			);
			buildRules = (
			);
			dependencies = (
			);
			name = VoiceVibeMac;
			productName = VoiceVibe;
			productReference = 17733EB69FF590EF959BC202 /* VoiceVibe.app */;
			productType = "com.apple.product-type.application";
		};
/* End PBXNativeTarget section */

/* Begin PBXProject section */
		646E79B1DA07EE8139E1800C /* Project object */ = {
			isa = PBXProject;
			attributes = {
				LastSwiftUpdateCheck = 1600;
				LastUpgradeCheck = 1600;
			};
			buildConfigurationList = A2A4FF242A9C2E94C27B648B /* Build configuration list for PBXProject "VoiceVibeMac" */;
			compatibilityVersion = "Xcode 3.2";
			developmentRegion = en;
			hasScannedForEncodings = 0;
			knownRegions = (
				en,
				Base,
			);
			mainGroup = FE593A0EC1E18DC64CB7656A;
			minimizedProjectReferenceProxies = 0;
			preferredProjectObjectVersion = 77;
			productRefGroup = 1BF5AFAB65A73D778F4FC336 /* Products */;
			projectDirPath = "";
			projectRoot = "";
			targets = (
				1F3620F724F75477BE0E8AD3 /* VoiceVibeMac */,
			);
		};
/* End PBXProject section */

/* Begin PBXResourcesBuildPhase section */
		72D0BA297D67E2FFCDAE0439 /* Resources */ = {
			isa = PBXResourcesBuildPhase;
			buildActionMask = 2147483647;
			files = (
				0D7DE18827EEEA82E356B79F /* Assets.xcassets in Resources */,
			);
			runOnlyForDeploymentPostprocessing = 0;
		};
/* End PBXResourcesBuildPhase section */

/* Begin PBXSourcesBuildPhase section */
		B5A953FF5E978EF80561AD0F /* Sources */ = {
			isa = PBXSourcesBuildPhase;
			buildActionMask = 2147483647;
			files = (
				37C7712A14DE4C658D434A56 /* main.swift in Sources */,
				5CC30D12868EA845A1A44C57 /* AppDelegate.swift in Sources */,
				C134F791DFB2724D12220923 /* MacAppModel.swift in Sources */,
				8D25CBB17C93E4A6D4D6C421 /* StatusBarController.swift in Sources */,
				7DBB2260E2FDC76ECE5444AE /* MainView.swift in Sources */,
				CB14C3C015498913D7D300F5 /* MenuBarView.swift in Sources */,
				2A21A5095395434851A3B4EE /* CapsuleOverlayView.swift in Sources */,
				E0FBD5AB5CF59EE73725BDFE /* OverlayState.swift in Sources */,
				0AE4708F084594838CE7A96F /* PermissionState.swift in Sources */,
				827BB4E40EE5EF063619EB58 /* RecordingState.swift in Sources */,
				73EA8BE2D35BD86CEF048DCE /* DashScopeRealtimeASRClient.swift in Sources */,
				808834F84A5C2A802677D650 /* MacAudioCaptureService.swift in Sources */,
				EB24E7271C50315984288B62 /* FnKeyMonitor.swift in Sources */,
				CD10A175BE7FE1D7CDAE2E52 /* FocusedTextInjector.swift in Sources */,
				B35BD7056C508C74C86C478D /* CapsuleOverlayWindowController.swift in Sources */,
				F5382D81003200E0E35090CA /* DashScopeConfiguration.swift in Sources */,
				D28BA0D134A238A1D97B51EC /* SettingsStore.swift in Sources */,
			);
			runOnlyForDeploymentPostprocessing = 0;
		};
/* End PBXSourcesBuildPhase section */

/* Begin XCBuildConfiguration section */
		31A966CF131DF9253821F943 /* Debug */ = {
			isa = XCBuildConfiguration;
			buildSettings = {
				ASSETCATALOG_COMPILER_APPICON_NAME = AppIcon;
				ASSETCATALOG_COMPILER_GLOBAL_ACCENT_COLOR_NAME = AccentColor;
				CODE_SIGN_STYLE = Automatic;
				COMBINE_HIDPI_IMAGES = YES;
				CURRENT_PROJECT_VERSION = 1;
				DEVELOPMENT_TEAM = DQ362F38WB;
				GENERATE_INFOPLIST_FILE = YES;
				INFOPLIST_KEY_CFBundleDisplayName = VoiceVibe;
				INFOPLIST_KEY_NSHighResolutionCapable = YES;
				INFOPLIST_KEY_NSMicrophoneUsageDescription = "VoiceVibe needs microphone access for real-time transcription.";
				LD_RUNPATH_SEARCH_PATHS = "$(inherited) @executable_path/../Frameworks";
				MACOSX_DEPLOYMENT_TARGET = 14.0;
				MARKETING_VERSION = 0.1.0;
				PRODUCT_BUNDLE_IDENTIFIER = com.psyhitech.voicevibe.mac;
				PRODUCT_NAME = VoiceVibe;
				SDKROOT = macosx;
				SWIFT_EMIT_LOC_STRINGS = YES;
				SWIFT_VERSION = 5.0;
			};
			name = Debug;
		};
		5B289F934C9A2823EE18F377 /* Release */ = {
			isa = XCBuildConfiguration;
			buildSettings = {
				ALWAYS_SEARCH_USER_PATHS = NO;
				CLANG_ANALYZER_NONNULL = YES;
				CLANG_ANALYZER_NUMBER_OBJECT_CONVERSION = YES_AGGRESSIVE;
				CLANG_CXX_LANGUAGE_STANDARD = "gnu++14";
				CLANG_CXX_LIBRARY = "libc++";
				CLANG_ENABLE_MODULES = YES;
				CLANG_ENABLE_OBJC_ARC = YES;
				CLANG_ENABLE_OBJC_WEAK = YES;
				CLANG_WARN_BLOCK_CAPTURE_AUTORELEASING = YES;
				CLANG_WARN_BOOL_CONVERSION = YES;
				CLANG_WARN_COMMA = YES;
				CLANG_WARN_CONSTANT_CONVERSION = YES;
				CLANG_WARN_DEPRECATED_OBJC_IMPLEMENTATIONS = YES;
				CLANG_WARN_DIRECT_OBJC_ISA_USAGE = YES_ERROR;
				CLANG_WARN_DOCUMENTATION_COMMENTS = YES;
				CLANG_WARN_EMPTY_BODY = YES;
				CLANG_WARN_ENUM_CONVERSION = YES;
				CLANG_WARN_INFINITE_RECURSION = YES;
				CLANG_WARN_INT_CONVERSION = YES;
				CLANG_WARN_NON_LITERAL_NULL_CONVERSION = YES;
				CLANG_WARN_OBJC_IMPLICIT_RETAIN_SELF = YES;
				CLANG_WARN_OBJC_LITERAL_CONVERSION = YES;
				CLANG_WARN_OBJC_ROOT_CLASS = YES_ERROR;
				CLANG_WARN_QUOTED_INCLUDE_IN_FRAMEWORK_HEADER = YES;
				CLANG_WARN_RANGE_LOOP_ANALYSIS = YES;
				CLANG_WARN_STRICT_PROTOTYPES = YES;
				CLANG_WARN_SUSPICIOUS_MOVE = YES;
				CLANG_WARN_UNGUARDED_AVAILABILITY = YES_AGGRESSIVE;
				CLANG_WARN_UNREACHABLE_CODE = YES;
				CLANG_WARN__DUPLICATE_METHOD_MATCH = YES;
				COPY_PHASE_STRIP = NO;
				DEBUG_INFORMATION_FORMAT = "dwarf-with-dsym";
				ENABLE_NS_ASSERTIONS = NO;
				ENABLE_STRICT_OBJC_MSGSEND = YES;
				GCC_C_LANGUAGE_STANDARD = gnu11;
				GCC_NO_COMMON_BLOCKS = YES;
				GCC_WARN_64_TO_32_BIT_CONVERSION = YES;
				GCC_WARN_ABOUT_RETURN_TYPE = YES_ERROR;
				GCC_WARN_UNDECLARED_SELECTOR = YES;
				GCC_WARN_UNINITIALIZED_AUTOS = YES_AGGRESSIVE;
				GCC_WARN_UNUSED_FUNCTION = YES;
				GCC_WARN_UNUSED_VARIABLE = YES;
				MTL_ENABLE_DEBUG_INFO = NO;
				MTL_FAST_MATH = YES;
				PRODUCT_NAME = "$(TARGET_NAME)";
				SWIFT_COMPILATION_MODE = wholemodule;
				SWIFT_OPTIMIZATION_LEVEL = "-O";
				SWIFT_VERSION = 5.0;
			};
			name = Release;
		};
		6DBCA8DA58A255B608DBD19C /* Debug */ = {
			isa = XCBuildConfiguration;
			buildSettings = {
				ALWAYS_SEARCH_USER_PATHS = NO;
				CLANG_ANALYZER_NONNULL = YES;
				CLANG_ANALYZER_NUMBER_OBJECT_CONVERSION = YES_AGGRESSIVE;
				CLANG_CXX_LANGUAGE_STANDARD = "gnu++14";
				CLANG_CXX_LIBRARY = "libc++";
				CLANG_ENABLE_MODULES = YES;
				CLANG_ENABLE_OBJC_ARC = YES;
				CLANG_ENABLE_OBJC_WEAK = YES;
				CLANG_WARN_BLOCK_CAPTURE_AUTORELEASING = YES;
				CLANG_WARN_BOOL_CONVERSION = YES;
				CLANG_WARN_COMMA = YES;
				CLANG_WARN_CONSTANT_CONVERSION = YES;
				CLANG_WARN_DEPRECATED_OBJC_IMPLEMENTATIONS = YES;
				CLANG_WARN_DIRECT_OBJC_ISA_USAGE = YES_ERROR;
				CLANG_WARN_DOCUMENTATION_COMMENTS = YES;
				CLANG_WARN_EMPTY_BODY = YES;
				CLANG_WARN_ENUM_CONVERSION = YES;
				CLANG_WARN_INFINITE_RECURSION = YES;
				CLANG_WARN_INT_CONVERSION = YES;
				CLANG_WARN_NON_LITERAL_NULL_CONVERSION = YES;
				CLANG_WARN_OBJC_IMPLICIT_RETAIN_SELF = YES;
				CLANG_WARN_OBJC_LITERAL_CONVERSION = YES;
				CLANG_WARN_OBJC_ROOT_CLASS = YES_ERROR;
				CLANG_WARN_QUOTED_INCLUDE_IN_FRAMEWORK_HEADER = YES;
				CLANG_WARN_RANGE_LOOP_ANALYSIS = YES;
				CLANG_WARN_STRICT_PROTOTYPES = YES;
				CLANG_WARN_SUSPICIOUS_MOVE = YES;
				CLANG_WARN_UNGUARDED_AVAILABILITY = YES_AGGRESSIVE;
				CLANG_WARN_UNREACHABLE_CODE = YES;
				CLANG_WARN__DUPLICATE_METHOD_MATCH = YES;
				COPY_PHASE_STRIP = NO;
				DEBUG_INFORMATION_FORMAT = dwarf;
				ENABLE_STRICT_OBJC_MSGSEND = YES;
				ENABLE_TESTABILITY = YES;
				GCC_C_LANGUAGE_STANDARD = gnu11;
				GCC_DYNAMIC_NO_PIC = NO;
				GCC_NO_COMMON_BLOCKS = YES;
				GCC_OPTIMIZATION_LEVEL = 0;
				GCC_PREPROCESSOR_DEFINITIONS = (
					"DEBUG=1",
					"$(inherited)",
				);
				GCC_WARN_64_TO_32_BIT_CONVERSION = YES;
				GCC_WARN_ABOUT_RETURN_TYPE = YES_ERROR;
				GCC_WARN_UNDECLARED_SELECTOR = YES;
				GCC_WARN_UNINITIALIZED_AUTOS = YES_AGGRESSIVE;
				GCC_WARN_UNUSED_FUNCTION = YES;
				GCC_WARN_UNUSED_VARIABLE = YES;
				MTL_ENABLE_DEBUG_INFO = INCLUDE_SOURCE;
				MTL_FAST_MATH = YES;
				ONLY_ACTIVE_ARCH = YES;
				PRODUCT_NAME = "$(TARGET_NAME)";
				SWIFT_ACTIVE_COMPILATION_CONDITIONS = DEBUG;
				SWIFT_OPTIMIZATION_LEVEL = "-Onone";
				SWIFT_VERSION = 5.0;
			};
			name = Debug;
		};
		C101C3971E808942678CFC36 /* Release */ = {
			isa = XCBuildConfiguration;
			buildSettings = {
				ASSETCATALOG_COMPILER_APPICON_NAME = AppIcon;
				ASSETCATALOG_COMPILER_GLOBAL_ACCENT_COLOR_NAME = AccentColor;
				CODE_SIGN_STYLE = Automatic;
				COMBINE_HIDPI_IMAGES = YES;
				CURRENT_PROJECT_VERSION = 1;
				DEVELOPMENT_TEAM = DQ362F38WB;
				GENERATE_INFOPLIST_FILE = YES;
				INFOPLIST_KEY_CFBundleDisplayName = VoiceVibe;
				INFOPLIST_KEY_NSHighResolutionCapable = YES;
				INFOPLIST_KEY_NSMicrophoneUsageDescription = "VoiceVibe needs microphone access for real-time transcription.";
				LD_RUNPATH_SEARCH_PATHS = "$(inherited) @executable_path/../Frameworks";
				MACOSX_DEPLOYMENT_TARGET = 14.0;
				MARKETING_VERSION = 0.1.0;
				PRODUCT_BUNDLE_IDENTIFIER = com.psyhitech.voicevibe.mac;
				PRODUCT_NAME = VoiceVibe;
				SDKROOT = macosx;
				SWIFT_EMIT_LOC_STRINGS = YES;
				SWIFT_VERSION = 5.0;
			};
			name = Release;
		};
/* End XCBuildConfiguration section */

/* Begin XCConfigurationList section */
		8D1592EE74C838AC20BF84BF /* Build configuration list for PBXNativeTarget "VoiceVibeMac" */ = {
			isa = XCConfigurationList;
			buildConfigurations = (
				C101C3971E808942678CFC36 /* Release */,
				31A966CF131DF9253821F943 /* Debug */,
			);
			defaultConfigurationIsVisible = 0;
			defaultConfigurationName = Release;
		};
		A2A4FF242A9C2E94C27B648B /* Build configuration list for PBXProject "VoiceVibeMac" */ = {
			isa = XCConfigurationList;
			buildConfigurations = (
				6DBCA8DA58A255B608DBD19C /* Debug */,
				5B289F934C9A2823EE18F377 /* Release */,
			);
			defaultConfigurationIsVisible = 0;
			defaultConfigurationName = Release;
		};
/* End XCConfigurationList section */
	};
	rootObject = 646E79B1DA07EE8139E1800C /* Project object */;
}
