// !$*UTF8*$!
{
	archiveVersion = 1;
	classes = {
	};
	objectVersion = 46;
	objects = {

/* Begin PBXBuildFile section */
		17BF2DF2555737D81FB03E97 /* SettingsStore.swift in Sources */ = {isa = PBXBuildFile; fileRef = FC3CBBA80A91335C697A8558 /* SettingsStore.swift */; };
		17C602A113AFA72FCD14AC44 /* FnKeyMonitor.swift in Sources */ = {isa = PBXBuildFile; fileRef = 17B8E7A063703659AC8A95EB /* FnKeyMonitor.swift */; };
		5DDB052B8708E0FDE626EE1D /* VoiceVibeMacApp.swift in Sources */ = {isa = PBXBuildFile; fileRef = AEF5F87CC4AE2550DCAE6929 /* VoiceVibeMacApp.swift */; };
		665CCE5852CD245E18CC8AE2 /* MacAppModel.swift in Sources */ = {isa = PBXBuildFile; fileRef = 1E61DA38A9AB3DCDC53A3B8F /* MacAppModel.swift */; };
		682408B1F6E39372F73416DA /* FocusedTextInjector.swift in Sources */ = {isa = PBXBuildFile; fileRef = 36C2A062CD066ADFFA6883AB /* FocusedTextInjector.swift */; };
		73B10B2A6F0AF1FAF17C7807 /* CapsuleOverlayView.swift in Sources */ = {isa = PBXBuildFile; fileRef = C40B142925A9962430DE91F6 /* CapsuleOverlayView.swift */; };
		8C11982FFAB25E0914E8DB87 /* MacAudioCaptureService.swift in Sources */ = {isa = PBXBuildFile; fileRef = 42A2CCEB986EC7B966673ABB /* MacAudioCaptureService.swift */; };
		957D5440898A1C76219709E3 /* MainView.swift in Sources */ = {isa = PBXBuildFile; fileRef = 771B364B7A7A68FB5E9278EA /* MainView.swift */; };
		B3F31140713AE95AC89DFC7B /* DashScopeConfiguration.swift in Sources */ = {isa = PBXBuildFile; fileRef = 0EAD8E5448AB30B33370EC95 /* DashScopeConfiguration.swift */; };
		B61EB24E06D4D2FE6D4BCCB3 /* RecordingState.swift in Sources */ = {isa = PBXBuildFile; fileRef = B1840C5FE3D94681618ABC8D /* RecordingState.swift */; };
		B7EB00006E158E5895CA7397 /* OverlayState.swift in Sources */ = {isa = PBXBuildFile; fileRef = D366AE55C1CFB1D59A7EAD02 /* OverlayState.swift */; };
		D64C622BD029577C3737E012 /* PermissionState.swift in Sources */ = {isa = PBXBuildFile; fileRef = 52405E7920BFD88D7BF3BEAC /* PermissionState.swift */; };
		DE4E3264270C4B259A46B7EB /* DashScopeRealtimeASRClient.swift in Sources */ = {isa = PBXBuildFile; fileRef = 01BF136804D2CD16D2DD0017 /* DashScopeRealtimeASRClient.swift */; };
		E01D8DA3DCF2FC3395F04795 /* CapsuleOverlayWindowController.swift in Sources */ = {isa = PBXBuildFile; fileRef = C8219EC0CE8D5DEB064E4408 /* CapsuleOverlayWindowController.swift */; };
		EB38A765A74D84C66149438C /* Cocoa.framework in Frameworks */ = {isa = PBXBuildFile; fileRef = B471B0BBE18D93820F7EABEC /* Cocoa.framework */; };
		F1E86C15EB1DC27AC6A5F6FD /* MenuBarView.swift in Sources */ = {isa = PBXBuildFile; fileRef = A0ABD7A4D09C7DEAE2B82C19 /* MenuBarView.swift */; };
/* End PBXBuildFile section */

/* Begin PBXFileReference section */
		01BF136804D2CD16D2DD0017 /* DashScopeRealtimeASRClient.swift */ = {isa = PBXFileReference; includeInIndex = 1; lastKnownFileType = sourcecode.swift; name = DashScopeRealtimeASRClient.swift; path = Services/ASR/DashScopeRealtimeASRClient.swift; sourceTree = "<group>"; };
		0EAD8E5448AB30B33370EC95 /* DashScopeConfiguration.swift */ = {isa = PBXFileReference; includeInIndex = 1; lastKnownFileType = sourcecode.swift; name = DashScopeConfiguration.swift; path = Support/DashScopeConfiguration.swift; sourceTree = "<group>"; };
		17B8E7A063703659AC8A95EB /* FnKeyMonitor.swift */ = {isa = PBXFileReference; includeInIndex = 1; lastKnownFileType = sourcecode.swift; name = FnKeyMonitor.swift; path = Services/Input/FnKeyMonitor.swift; sourceTree = "<group>"; };
		1E61DA38A9AB3DCDC53A3B8F /* MacAppModel.swift */ = {isa = PBXFileReference; includeInIndex = 1; lastKnownFileType = sourcecode.swift; name = MacAppModel.swift; path = App/MacAppModel.swift; sourceTree = "<group>"; };
		36C2A062CD066ADFFA6883AB /* FocusedTextInjector.swift */ = {isa = PBXFileReference; includeInIndex = 1; lastKnownFileType = sourcecode.swift; name = FocusedTextInjector.swift; path = Services/Input/FocusedTextInjector.swift; sourceTree = "<group>"; };
		42A2CCEB986EC7B966673ABB /* MacAudioCaptureService.swift */ = {isa = PBXFileReference; includeInIndex = 1; lastKnownFileType = sourcecode.swift; name = MacAudioCaptureService.swift; path = Services/Audio/MacAudioCaptureService.swift; sourceTree = "<group>"; };
		4C93D3D910CCAF699DB6784F /* VoiceVibeMac.app */ = {isa = PBXFileReference; explicitFileType = wrapper.application; includeInIndex = 0; name = VoiceVibeMac.app; path = VoiceVibeMac.app; sourceTree = BUILT_PRODUCTS_DIR; };
		52405E7920BFD88D7BF3BEAC /* PermissionState.swift */ = {isa = PBXFileReference; includeInIndex = 1; lastKnownFileType = sourcecode.swift; name = PermissionState.swift; path = Models/PermissionState.swift; sourceTree = "<group>"; };
		771B364B7A7A68FB5E9278EA /* MainView.swift */ = {isa = PBXFileReference; includeInIndex = 1; lastKnownFileType = sourcecode.swift; name = MainView.swift; path = Features/Main/MainView.swift; sourceTree = "<group>"; };
		A0ABD7A4D09C7DEAE2B82C19 /* MenuBarView.swift */ = {isa = PBXFileReference; includeInIndex = 1; lastKnownFileType = sourcecode.swift; name = MenuBarView.swift; path = Features/Main/MenuBarView.swift; sourceTree = "<group>"; };
		AEF5F87CC4AE2550DCAE6929 /* VoiceVibeMacApp.swift */ = {isa = PBXFileReference; includeInIndex = 1; lastKnownFileType = sourcecode.swift; name = VoiceVibeMacApp.swift; path = App/VoiceVibeMacApp.swift; sourceTree = "<group>"; };
		B1840C5FE3D94681618ABC8D /* RecordingState.swift */ = {isa = PBXFileReference; includeInIndex = 1; lastKnownFileType = sourcecode.swift; name = RecordingState.swift; path = Models/RecordingState.swift; sourceTree = "<group>"; };
		B471B0BBE18D93820F7EABEC /* Cocoa.framework */ = {isa = PBXFileReference; lastKnownFileType = wrapper.framework; name = Cocoa.framework; path = Platforms/MacOSX.platform/Developer/SDKs/MacOSX15.0.sdk/System/Library/Frameworks/Cocoa.framework; sourceTree = DEVELOPER_DIR; };
		C40B142925A9962430DE91F6 /* CapsuleOverlayView.swift */ = {isa = PBXFileReference; includeInIndex = 1; lastKnownFileType = sourcecode.swift; name = CapsuleOverlayView.swift; path = Features/Overlay/CapsuleOverlayView.swift; sourceTree = "<group>"; };
		C8219EC0CE8D5DEB064E4408 /* CapsuleOverlayWindowController.swift */ = {isa = PBXFileReference; includeInIndex = 1; lastKnownFileType = sourcecode.swift; name = CapsuleOverlayWindowController.swift; path = Services/Overlay/CapsuleOverlayWindowController.swift; sourceTree = "<group>"; };
		D366AE55C1CFB1D59A7EAD02 /* OverlayState.swift */ = {isa = PBXFileReference; includeInIndex = 1; lastKnownFileType = sourcecode.swift; name = OverlayState.swift; path = Models/OverlayState.swift; sourceTree = "<group>"; };
		FC3CBBA80A91335C697A8558 /* SettingsStore.swift */ = {isa = PBXFileReference; includeInIndex = 1; lastKnownFileType = sourcecode.swift; name = SettingsStore.swift; path = Support/SettingsStore.swift; sourceTree = "<group>"; };
/* End PBXFileReference section */

/* Begin PBXFrameworksBuildPhase section */
		98D4757565C4B38A51E63D70 /* Frameworks */ = {
			isa = PBXFrameworksBuildPhase;
			buildActionMask = 2147483647;
			files = (
				EB38A765A74D84C66149438C /* Cocoa.framework in Frameworks */,
			);
			runOnlyForDeploymentPostprocessing = 0;
		};
/* End PBXFrameworksBuildPhase section */

/* Begin PBXGroup section */
		2C552C724A585222E847DDBE = {
			isa = PBXGroup;
			children = (
				BE5E60453D9CD9F6298A7774 /* Products */,
				CC063CD31FC1C6BF39263C53 /* Frameworks */,
				C199F2DEFFBFD17D7880C7D1 /* VoiceVibeMac */,
			);
			sourceTree = "<group>";
		};
		6C0043E0D94BAA0921B3D433 /* OS X */ = {
			isa = PBXGroup;
			children = (
				B471B0BBE18D93820F7EABEC /* Cocoa.framework */,
			);
			name = "OS X";
			sourceTree = "<group>";
		};
		BE5E60453D9CD9F6298A7774 /* Products */ = {
			isa = PBXGroup;
			children = (
				4C93D3D910CCAF699DB6784F /* VoiceVibeMac.app */,
			);
			name = Products;
			sourceTree = "<group>";
		};
		C199F2DEFFBFD17D7880C7D1 /* VoiceVibeMac */ = {
			isa = PBXGroup;
			children = (
				AEF5F87CC4AE2550DCAE6929 /* VoiceVibeMacApp.swift */,
				1E61DA38A9AB3DCDC53A3B8F /* MacAppModel.swift */,
				771B364B7A7A68FB5E9278EA /* MainView.swift */,
				A0ABD7A4D09C7DEAE2B82C19 /* MenuBarView.swift */,
				C40B142925A9962430DE91F6 /* CapsuleOverlayView.swift */,
				D366AE55C1CFB1D59A7EAD02 /* OverlayState.swift */,
				52405E7920BFD88D7BF3BEAC /* PermissionState.swift */,
				B1840C5FE3D94681618ABC8D /* RecordingState.swift */,
				01BF136804D2CD16D2DD0017 /* DashScopeRealtimeASRClient.swift */,
				42A2CCEB986EC7B966673ABB /* MacAudioCaptureService.swift */,
				17B8E7A063703659AC8A95EB /* FnKeyMonitor.swift */,
				36C2A062CD066ADFFA6883AB /* FocusedTextInjector.swift */,
				C8219EC0CE8D5DEB064E4408 /* CapsuleOverlayWindowController.swift */,
				0EAD8E5448AB30B33370EC95 /* DashScopeConfiguration.swift */,
				FC3CBBA80A91335C697A8558 /* SettingsStore.swift */,
			);
			name = VoiceVibeMac;
			path = VoiceVibeMac;
			sourceTree = "<group>";
		};
		CC063CD31FC1C6BF39263C53 /* Frameworks */ = {
			isa = PBXGroup;
			children = (
				6C0043E0D94BAA0921B3D433 /* OS X */,
			);
			name = Frameworks;
			sourceTree = "<group>";
		};
/* End PBXGroup section */

/* Begin PBXNativeTarget section */
		B45DBB5E93F299349DEBBDD7 /* VoiceVibeMac */ = {
			isa = PBXNativeTarget;
			buildConfigurationList = ACF61B85BE95D9E2F66ABCEC /* Build configuration list for PBXNativeTarget "VoiceVibeMac" */;
			buildPhases = (
				005F8472775BF637C219E7A7 /* Sources */,
				98D4757565C4B38A51E63D70 /* Frameworks */,
				DA297C41229EB82083B13C9D /* Resources */,
			);
			buildRules = (
			);
			dependencies = (
			);
			name = VoiceVibeMac;
			productName = VoiceVibeMac;
			productReference = 4C93D3D910CCAF699DB6784F /* VoiceVibeMac.app */;
			productType = "com.apple.product-type.application";
		};
/* End PBXNativeTarget section */

/* Begin PBXProject section */
		2B270C33C3FCACA14686492E /* Project object */ = {
			isa = PBXProject;
			attributes = {
				LastSwiftUpdateCheck = 1600;
				LastUpgradeCheck = 1600;
			};
			buildConfigurationList = E2719B12DE33A6E319016538 /* Build configuration list for PBXProject "VoiceVibeMac" */;
			compatibilityVersion = "Xcode 3.2";
			developmentRegion = en;
			hasScannedForEncodings = 0;
			knownRegions = (
				en,
				Base,
			);
			mainGroup = 2C552C724A585222E847DDBE;
			minimizedProjectReferenceProxies = 0;
			preferredProjectObjectVersion = 77;
			productRefGroup = BE5E60453D9CD9F6298A7774 /* Products */;
			projectDirPath = "";
			projectRoot = "";
			targets = (
				B45DBB5E93F299349DEBBDD7 /* VoiceVibeMac */,
			);
		};
/* End PBXProject section */

/* Begin PBXResourcesBuildPhase section */
		DA297C41229EB82083B13C9D /* Resources */ = {
			isa = PBXResourcesBuildPhase;
			buildActionMask = 2147483647;
			files = (
			);
			runOnlyForDeploymentPostprocessing = 0;
		};
/* End PBXResourcesBuildPhase section */

/* Begin PBXSourcesBuildPhase section */
		005F8472775BF637C219E7A7 /* Sources */ = {
			isa = PBXSourcesBuildPhase;
			buildActionMask = 2147483647;
			files = (
				5DDB052B8708E0FDE626EE1D /* VoiceVibeMacApp.swift in Sources */,
				665CCE5852CD245E18CC8AE2 /* MacAppModel.swift in Sources */,
				957D5440898A1C76219709E3 /* MainView.swift in Sources */,
				F1E86C15EB1DC27AC6A5F6FD /* MenuBarView.swift in Sources */,
				73B10B2A6F0AF1FAF17C7807 /* CapsuleOverlayView.swift in Sources */,
				B7EB00006E158E5895CA7397 /* OverlayState.swift in Sources */,
				D64C622BD029577C3737E012 /* PermissionState.swift in Sources */,
				B61EB24E06D4D2FE6D4BCCB3 /* RecordingState.swift in Sources */,
				DE4E3264270C4B259A46B7EB /* DashScopeRealtimeASRClient.swift in Sources */,
				8C11982FFAB25E0914E8DB87 /* MacAudioCaptureService.swift in Sources */,
				17C602A113AFA72FCD14AC44 /* FnKeyMonitor.swift in Sources */,
				682408B1F6E39372F73416DA /* FocusedTextInjector.swift in Sources */,
				E01D8DA3DCF2FC3395F04795 /* CapsuleOverlayWindowController.swift in Sources */,
				B3F31140713AE95AC89DFC7B /* DashScopeConfiguration.swift in Sources */,
				17BF2DF2555737D81FB03E97 /* SettingsStore.swift in Sources */,
			);
			runOnlyForDeploymentPostprocessing = 0;
		};
/* End PBXSourcesBuildPhase section */

/* Begin XCBuildConfiguration section */
		3B7678A38D34876FDF41E499 /* Release */ = {
			isa = XCBuildConfiguration;
			buildSettings = {
				ASSETCATALOG_COMPILER_APPICON_NAME = AppIcon;
				ASSETCATALOG_COMPILER_GLOBAL_ACCENT_COLOR_NAME = AccentColor;
				CODE_SIGN_STYLE = Automatic;
				COMBINE_HIDPI_IMAGES = YES;
				CURRENT_PROJECT_VERSION = 1;
				DEVELOPMENT_TEAM = DQ362F38WB;
				GENERATE_INFOPLIST_FILE = YES;
				INFOPLIST_KEY_CFBundleDisplayName = "VoiceVibe";
				INFOPLIST_KEY_NSHighResolutionCapable = YES;
				INFOPLIST_KEY_NSMicrophoneUsageDescription = "VoiceVibe needs microphone access for real-time transcription.";
				LD_RUNPATH_SEARCH_PATHS = "$(inherited) @executable_path/../Frameworks";
				MACOSX_DEPLOYMENT_TARGET = 14.0;
				MARKETING_VERSION = 0.1.0;
				PRODUCT_BUNDLE_IDENTIFIER = com.psyhitech.voicevibe.mac;
				PRODUCT_NAME = VoiceVibeMac;
				SDKROOT = macosx;
				SWIFT_EMIT_LOC_STRINGS = YES;
				SWIFT_VERSION = 5.0;
			};
			name = Release;
		};
		41DF9072EE4DC90C34EDEBF0 /* Debug */ = {
			isa = XCBuildConfiguration;
			buildSettings = {
				ALWAYS_SEARCH_USER_PATHS = NO;
				CLANG_ANALYZER_NONNULL = YES;
				CLANG_ANALYZER_NUMBER_OBJECT_CONVERSION = YES_AGGRESSIVE;
				CLANG_CXX_LANGUAGE_STANDARD = "gnu++14";
				CLANG_CXX_LIBRARY = "libc++";
				CLANG_ENABLE_MODULES = YES;
				CLANG_ENABLE_OBJC_ARC = YES;
				CLANG_ENABLE_OBJC_WEAK = YES;
				CLANG_WARN_BLOCK_CAPTURE_AUTORELEASING = YES;
				CLANG_WARN_BOOL_CONVERSION = YES;
				CLANG_WARN_COMMA = YES;
				CLANG_WARN_CONSTANT_CONVERSION = YES;
				CLANG_WARN_DEPRECATED_OBJC_IMPLEMENTATIONS = YES;
				CLANG_WARN_DIRECT_OBJC_ISA_USAGE = YES_ERROR;
				CLANG_WARN_DOCUMENTATION_COMMENTS = YES;
				CLANG_WARN_EMPTY_BODY = YES;
				CLANG_WARN_ENUM_CONVERSION = YES;
				CLANG_WARN_INFINITE_RECURSION = YES;
				CLANG_WARN_INT_CONVERSION = YES;
				CLANG_WARN_NON_LITERAL_NULL_CONVERSION = YES;
				CLANG_WARN_OBJC_IMPLICIT_RETAIN_SELF = YES;
				CLANG_WARN_OBJC_LITERAL_CONVERSION = YES;
				CLANG_WARN_OBJC_ROOT_CLASS = YES_ERROR;
				CLANG_WARN_QUOTED_INCLUDE_IN_FRAMEWORK_HEADER = YES;
				CLANG_WARN_RANGE_LOOP_ANALYSIS = YES;
				CLANG_WARN_STRICT_PROTOTYPES = YES;
				CLANG_WARN_SUSPICIOUS_MOVE = YES;
				CLANG_WARN_UNGUARDED_AVAILABILITY = YES_AGGRESSIVE;
				CLANG_WARN_UNREACHABLE_CODE = YES;
				CLANG_WARN__DUPLICATE_METHOD_MATCH = YES;
				COPY_PHASE_STRIP = NO;
				DEBUG_INFORMATION_FORMAT = dwarf;
				ENABLE_STRICT_OBJC_MSGSEND = YES;
				ENABLE_TESTABILITY = YES;
				GCC_C_LANGUAGE_STANDARD = gnu11;
				GCC_DYNAMIC_NO_PIC = NO;
				GCC_NO_COMMON_BLOCKS = YES;
				GCC_OPTIMIZATION_LEVEL = 0;
				GCC_PREPROCESSOR_DEFINITIONS = (
					"DEBUG=1",
					"$(inherited)",
				);
				GCC_WARN_64_TO_32_BIT_CONVERSION = YES;
				GCC_WARN_ABOUT_RETURN_TYPE = YES_ERROR;
				GCC_WARN_UNDECLARED_SELECTOR = YES;
				GCC_WARN_UNINITIALIZED_AUTOS = YES_AGGRESSIVE;
				GCC_WARN_UNUSED_FUNCTION = YES;
				GCC_WARN_UNUSED_VARIABLE = YES;
				MTL_ENABLE_DEBUG_INFO = INCLUDE_SOURCE;
				MTL_FAST_MATH = YES;
				ONLY_ACTIVE_ARCH = YES;
				PRODUCT_NAME = "$(TARGET_NAME)";
				SWIFT_ACTIVE_COMPILATION_CONDITIONS = DEBUG;
				SWIFT_OPTIMIZATION_LEVEL = "-Onone";
				SWIFT_VERSION = 5.0;
			};
			name = Debug;
		};
		C4CEB6FD52EC18AB6BD3F4CB /* Debug */ = {
			isa = XCBuildConfiguration;
			buildSettings = {
				ASSETCATALOG_COMPILER_APPICON_NAME = AppIcon;
				ASSETCATALOG_COMPILER_GLOBAL_ACCENT_COLOR_NAME = AccentColor;
				CODE_SIGN_STYLE = Automatic;
				COMBINE_HIDPI_IMAGES = YES;
				CURRENT_PROJECT_VERSION = 1;
				DEVELOPMENT_TEAM = DQ362F38WB;
				GENERATE_INFOPLIST_FILE = YES;
				INFOPLIST_KEY_CFBundleDisplayName = "VoiceVibe";
				INFOPLIST_KEY_NSHighResolutionCapable = YES;
				INFOPLIST_KEY_NSMicrophoneUsageDescription = "VoiceVibe needs microphone access for real-time transcription.";
				LD_RUNPATH_SEARCH_PATHS = "$(inherited) @executable_path/../Frameworks";
				MACOSX_DEPLOYMENT_TARGET = 14.0;
				MARKETING_VERSION = 0.1.0;
				PRODUCT_BUNDLE_IDENTIFIER = com.psyhitech.voicevibe.mac;
				PRODUCT_NAME = VoiceVibeMac;
				SDKROOT = macosx;
				SWIFT_EMIT_LOC_STRINGS = YES;
				SWIFT_VERSION = 5.0;
			};
			name = Debug;
		};
		F78251C5EFBFAFCCE405AD6A /* Release */ = {
			isa = XCBuildConfiguration;
			buildSettings = {
				ALWAYS_SEARCH_USER_PATHS = NO;
				CLANG_ANALYZER_NONNULL = YES;
				CLANG_ANALYZER_NUMBER_OBJECT_CONVERSION = YES_AGGRESSIVE;
				CLANG_CXX_LANGUAGE_STANDARD = "gnu++14";
				CLANG_CXX_LIBRARY = "libc++";
				CLANG_ENABLE_MODULES = YES;
				CLANG_ENABLE_OBJC_ARC = YES;
				CLANG_ENABLE_OBJC_WEAK = YES;
				CLANG_WARN_BLOCK_CAPTURE_AUTORELEASING = YES;
				CLANG_WARN_BOOL_CONVERSION = YES;
				CLANG_WARN_COMMA = YES;
				CLANG_WARN_CONSTANT_CONVERSION = YES;
				CLANG_WARN_DEPRECATED_OBJC_IMPLEMENTATIONS = YES;
				CLANG_WARN_DIRECT_OBJC_ISA_USAGE = YES_ERROR;
				CLANG_WARN_DOCUMENTATION_COMMENTS = YES;
				CLANG_WARN_EMPTY_BODY = YES;
				CLANG_WARN_ENUM_CONVERSION = YES;
				CLANG_WARN_INFINITE_RECURSION = YES;
				CLANG_WARN_INT_CONVERSION = YES;
				CLANG_WARN_NON_LITERAL_NULL_CONVERSION = YES;
				CLANG_WARN_OBJC_IMPLICIT_RETAIN_SELF = YES;
				CLANG_WARN_OBJC_LITERAL_CONVERSION = YES;
				CLANG_WARN_OBJC_ROOT_CLASS = YES_ERROR;
				CLANG_WARN_QUOTED_INCLUDE_IN_FRAMEWORK_HEADER = YES;
				CLANG_WARN_RANGE_LOOP_ANALYSIS = YES;
				CLANG_WARN_STRICT_PROTOTYPES = YES;
				CLANG_WARN_SUSPICIOUS_MOVE = YES;
				CLANG_WARN_UNGUARDED_AVAILABILITY = YES_AGGRESSIVE;
				CLANG_WARN_UNREACHABLE_CODE = YES;
				CLANG_WARN__DUPLICATE_METHOD_MATCH = YES;
				COPY_PHASE_STRIP = NO;
				DEBUG_INFORMATION_FORMAT = "dwarf-with-dsym";
				ENABLE_NS_ASSERTIONS = NO;
				ENABLE_STRICT_OBJC_MSGSEND = YES;
				GCC_C_LANGUAGE_STANDARD = gnu11;
				GCC_NO_COMMON_BLOCKS = YES;
				GCC_WARN_64_TO_32_BIT_CONVERSION = YES;
				GCC_WARN_ABOUT_RETURN_TYPE = YES_ERROR;
				GCC_WARN_UNDECLARED_SELECTOR = YES;
				GCC_WARN_UNINITIALIZED_AUTOS = YES_AGGRESSIVE;
				GCC_WARN_UNUSED_FUNCTION = YES;
				GCC_WARN_UNUSED_VARIABLE = YES;
				MTL_ENABLE_DEBUG_INFO = NO;
				MTL_FAST_MATH = YES;
				PRODUCT_NAME = "$(TARGET_NAME)";
				SWIFT_COMPILATION_MODE = wholemodule;
				SWIFT_OPTIMIZATION_LEVEL = "-O";
				SWIFT_VERSION = 5.0;
			};
			name = Release;
		};
/* End XCBuildConfiguration section */

/* Begin XCConfigurationList section */
		ACF61B85BE95D9E2F66ABCEC /* Build configuration list for PBXNativeTarget "VoiceVibeMac" */ = {
			isa = XCConfigurationList;
			buildConfigurations = (
				3B7678A38D34876FDF41E499 /* Release */,
				C4CEB6FD52EC18AB6BD3F4CB /* Debug */,
			);
			defaultConfigurationIsVisible = 0;
			defaultConfigurationName = Release;
		};
		E2719B12DE33A6E319016538 /* Build configuration list for PBXProject "VoiceVibeMac" */ = {
			isa = XCConfigurationList;
			buildConfigurations = (
				41DF9072EE4DC90C34EDEBF0 /* Debug */,
				F78251C5EFBFAFCCE405AD6A /* Release */,
			);
			defaultConfigurationIsVisible = 0;
			defaultConfigurationName = Release;
		};
/* End XCConfigurationList section */
	};
	rootObject = 2B270C33C3FCACA14686492E /* Project object */;
}
